// !$*UTF8*$!
{
	archiveVersion = 1;
	classes = {
	};
	objectVersion = 50;
	objects = {

/* Begin PBXBuildFile section */
		848A7EAA2427BB9E00717AF3 /* AppDelegate.swift in Sources */ = {isa = PBXBuildFile; fileRef = 848A7EA92427BB9E00717AF3 /* AppDelegate.swift */; };
		848A7EAC2427BB9E00717AF3 /* SceneDelegate.swift in Sources */ = {isa = PBXBuildFile; fileRef = 848A7EAB2427BB9E00717AF3 /* SceneDelegate.swift */; };
		848A7EAE2427BB9E00717AF3 /* ViewController.swift in Sources */ = {isa = PBXBuildFile; fileRef = 848A7EAD2427BB9E00717AF3 /* ViewController.swift */; };
		848A7EB12427BB9E00717AF3 /* Main.storyboard in Resources */ = {isa = PBXBuildFile; fileRef = 848A7EAF2427BB9E00717AF3 /* Main.storyboard */; };
		848A7EB42427BB9E00717AF3 /* ViniciusFernando.xcdatamodeld in Sources */ = {isa = PBXBuildFile; fileRef = 848A7EB22427BB9E00717AF3 /* ViniciusFernando.xcdatamodeld */; };
		848A7EB62427BBA200717AF3 /* Assets.xcassets in Resources */ = {isa = PBXBuildFile; fileRef = 848A7EB52427BBA200717AF3 /* Assets.xcassets */; };
		848A7EB92427BBA200717AF3 /* LaunchScreen.storyboard in Resources */ = {isa = PBXBuildFile; fileRef = 848A7EB72427BBA200717AF3 /* LaunchScreen.storyboard */; };
		848A7EC12427D8B200717AF3 /* ComprasTableViewController.swift in Sources */ = {isa = PBXBuildFile; fileRef = 848A7EC02427D8B200717AF3 /* ComprasTableViewController.swift */; };
		848A7EC32427D90600717AF3 /* PrecoTableViewController.swift in Sources */ = {isa = PBXBuildFile; fileRef = 848A7EC22427D90600717AF3 /* PrecoTableViewController.swift */; };
		848A7EC52427D91F00717AF3 /* TotalComprasTableViewController.swift in Sources */ = {isa = PBXBuildFile; fileRef = 848A7EC42427D91F00717AF3 /* TotalComprasTableViewController.swift */; };
		848A7EC72427D98C00717AF3 /* CompraViewController.swift in Sources */ = {isa = PBXBuildFile; fileRef = 848A7EC62427D98C00717AF3 /* CompraViewController.swift */; };
		848A7EC92427DA5700717AF3 /* AddEditViewController.swift in Sources */ = {isa = PBXBuildFile; fileRef = 848A7EC82427DA5700717AF3 /* AddEditViewController.swift */; };
		848A7ECB2427DB2800717AF3 /* CompraTableViewCell.swift in Sources */ = {isa = PBXBuildFile; fileRef = 848A7ECA2427DB2800717AF3 /* CompraTableViewCell.swift */; };
		84BAAF792427EE3C00846130 /* ViewController+CoreData.swift in Sources */ = {isa = PBXBuildFile; fileRef = 84BAAF782427EE3C00846130 /* ViewController+CoreData.swift */; };
		84BAAF7B2427FB6400846130 /* StateManager.swift in Sources */ = {isa = PBXBuildFile; fileRef = 84BAAF7A2427FB6400846130 /* StateManager.swift */; };
		84BAAF7D24283C3500846130 /* Settings.bundle in Resources */ = {isa = PBXBuildFile; fileRef = 84BAAF7C24283C3500846130 /* Settings.bundle */; };
/* End PBXBuildFile section */

/* Begin PBXFileReference section */
		848A7EA62427BB9E00717AF3 /* ComprasUsa.app */ = {isa = PBXFileReference; explicitFileType = wrapper.application; includeInIndex = 0; path = ComprasUsa.app; sourceTree = BUILT_PRODUCTS_DIR; };
		848A7EA92427BB9E00717AF3 /* AppDelegate.swift */ = {isa = PBXFileReference; lastKnownFileType = sourcecode.swift; path = AppDelegate.swift; sourceTree = "<group>"; };
		848A7EAB2427BB9E00717AF3 /* SceneDelegate.swift */ = {isa = PBXFileReference; lastKnownFileType = sourcecode.swift; path = SceneDelegate.swift; sourceTree = "<group>"; };
		848A7EAD2427BB9E00717AF3 /* ViewController.swift */ = {isa = PBXFileReference; lastKnownFileType = sourcecode.swift; path = ViewController.swift; sourceTree = "<group>"; };
		848A7EB02427BB9E00717AF3 /* Base */ = {isa = PBXFileReference; lastKnownFileType = file.storyboard; name = Base; path = Base.lproj/Main.storyboard; sourceTree = "<group>"; };
		848A7EB32427BB9E00717AF3 /* ViniciusFernando.xcdatamodel */ = {isa = PBXFileReference; lastKnownFileType = wrapper.xcdatamodel; path = ViniciusFernando.xcdatamodel; sourceTree = "<group>"; };
		848A7EB52427BBA200717AF3 /* Assets.xcassets */ = {isa = PBXFileReference; lastKnownFileType = folder.assetcatalog; path = Assets.xcassets; sourceTree = "<group>"; };
		848A7EB82427BBA200717AF3 /* Base */ = {isa = PBXFileReference; lastKnownFileType = file.storyboard; name = Base; path = Base.lproj/LaunchScreen.storyboard; sourceTree = "<group>"; };
		848A7EBA2427BBA200717AF3 /* Info.plist */ = {isa = PBXFileReference; lastKnownFileType = text.plist.xml; path = Info.plist; sourceTree = "<group>"; };
		848A7EC02427D8B200717AF3 /* ComprasTableViewController.swift */ = {isa = PBXFileReference; lastKnownFileType = sourcecode.swift; path = ComprasTableViewController.swift; sourceTree = "<group>"; };
		848A7EC22427D90600717AF3 /* PrecoTableViewController.swift */ = {isa = PBXFileReference; lastKnownFileType = sourcecode.swift; path = PrecoTableViewController.swift; sourceTree = "<group>"; };
		848A7EC42427D91F00717AF3 /* TotalComprasTableViewController.swift */ = {isa = PBXFileReference; lastKnownFileType = sourcecode.swift; path = TotalComprasTableViewController.swift; sourceTree = "<group>"; };
		848A7EC62427D98C00717AF3 /* CompraViewController.swift */ = {isa = PBXFileReference; lastKnownFileType = sourcecode.swift; path = CompraViewController.swift; sourceTree = "<group>"; };
		848A7EC82427DA5700717AF3 /* AddEditViewController.swift */ = {isa = PBXFileReference; lastKnownFileType = sourcecode.swift; path = AddEditViewController.swift; sourceTree = "<group>"; };
		848A7ECA2427DB2800717AF3 /* CompraTableViewCell.swift */ = {isa = PBXFileReference; lastKnownFileType = sourcecode.swift; path = CompraTableViewCell.swift; sourceTree = "<group>"; };
		84BAAF782427EE3C00846130 /* ViewController+CoreData.swift */ = {isa = PBXFileReference; lastKnownFileType = sourcecode.swift; path = "ViewController+CoreData.swift"; sourceTree = "<group>"; };
		84BAAF7A2427FB6400846130 /* StateManager.swift */ = {isa = PBXFileReference; lastKnownFileType = sourcecode.swift; path = StateManager.swift; sourceTree = "<group>"; };
		84BAAF7C24283C3500846130 /* Settings.bundle */ = {isa = PBXFileReference; lastKnownFileType = "wrapper.plug-in"; path = Settings.bundle; sourceTree = "<group>"; };
/* End PBXFileReference section */

/* Begin PBXFrameworksBuildPhase section */
		848A7EA32427BB9E00717AF3 /* Frameworks */ = {
			isa = PBXFrameworksBuildPhase;
			buildActionMask = 2147483647;
			files = (
			);
			runOnlyForDeploymentPostprocessing = 0;
		};
/* End PBXFrameworksBuildPhase section */

/* Begin PBXGroup section */
		848A7E9D2427BB9E00717AF3 = {
			isa = PBXGroup;
			children = (
				84BAAF7C24283C3500846130 /* Settings.bundle */,
				848A7EA82427BB9E00717AF3 /* ViniciusFernando */,
				848A7EA72427BB9E00717AF3 /* Products */,
			);
			sourceTree = "<group>";
		};
		848A7EA72427BB9E00717AF3 /* Products */ = {
			isa = PBXGroup;
			children = (
				848A7EA62427BB9E00717AF3 /* ComprasUsa.app */,
			);
			name = Products;
			sourceTree = "<group>";
		};
		848A7EA82427BB9E00717AF3 /* ViniciusFernando */ = {
			isa = PBXGroup;
			children = (
				848A7EA92427BB9E00717AF3 /* AppDelegate.swift */,
				848A7EAB2427BB9E00717AF3 /* SceneDelegate.swift */,
				848A7EAD2427BB9E00717AF3 /* ViewController.swift */,
				848A7EAF2427BB9E00717AF3 /* Main.storyboard */,
				848A7EC22427D90600717AF3 /* PrecoTableViewController.swift */,
				84BAAF7A2427FB6400846130 /* StateManager.swift */,
				848A7EC42427D91F00717AF3 /* TotalComprasTableViewController.swift */,
				848A7EC62427D98C00717AF3 /* CompraViewController.swift */,
				848A7EC82427DA5700717AF3 /* AddEditViewController.swift */,
				84BAAF782427EE3C00846130 /* ViewController+CoreData.swift */,
				848A7ECA2427DB2800717AF3 /* CompraTableViewCell.swift */,
				848A7EC02427D8B200717AF3 /* ComprasTableViewController.swift */,
				848A7EB52427BBA200717AF3 /* Assets.xcassets */,
				848A7EB72427BBA200717AF3 /* LaunchScreen.storyboard */,
				848A7EBA2427BBA200717AF3 /* Info.plist */,
				848A7EB22427BB9E00717AF3 /* ViniciusFernando.xcdatamodeld */,
			);
			path = ViniciusFernando;
			sourceTree = "<group>";
		};
/* End PBXGroup section */

/* Begin PBXNativeTarget section */
		848A7EA52427BB9E00717AF3 /* ViniciusFernando */ = {
			isa = PBXNativeTarget;
			buildConfigurationList = 848A7EBD2427BBA200717AF3 /* Build configuration list for PBXNativeTarget "ViniciusFernando" */;
			buildPhases = (
				848A7EA22427BB9E00717AF3 /* Sources */,
				848A7EA32427BB9E00717AF3 /* Frameworks */,
				848A7EA42427BB9E00717AF3 /* Resources */,
			);
			buildRules = (
			);
			dependencies = (
			);
			name = ViniciusFernando;
			productName = ViniciusFernando;
			productReference = 848A7EA62427BB9E00717AF3 /* ComprasUsa.app */;
			productType = "com.apple.product-type.application";
		};
/* End PBXNativeTarget section */

/* Begin PBXProject section */
		848A7E9E2427BB9E00717AF3 /* Project object */ = {
			isa = PBXProject;
			attributes = {
				LastSwiftUpdateCheck = 1130;
				LastUpgradeCheck = 1130;
				ORGANIZATIONNAME = ViniciusFernando;
				TargetAttributes = {
					848A7EA52427BB9E00717AF3 = {
						CreatedOnToolsVersion = 11.3.1;
					};
				};
			};
			buildConfigurationList = 848A7EA12427BB9E00717AF3 /* Build configuration list for PBXProject "ViniciusFernando" */;
			compatibilityVersion = "Xcode 9.3";
			developmentRegion = en;
			hasScannedForEncodings = 0;
			knownRegions = (
				en,
				Base,
			);
			mainGroup = 848A7E9D2427BB9E00717AF3;
			productRefGroup = 848A7EA72427BB9E00717AF3 /* Products */;
			projectDirPath = "";
			projectRoot = "";
			targets = (
				848A7EA52427BB9E00717AF3 /* ViniciusFernando */,
			);
		};
/* End PBXProject section */

/* Begin PBXResourcesBuildPhase section */
		848A7EA42427BB9E00717AF3 /* Resources */ = {
			isa = PBXResourcesBuildPhase;
			buildActionMask = 2147483647;
			files = (
				84BAAF7D24283C3500846130 /* Settings.bundle in Resources */,
				848A7EB92427BBA200717AF3 /* LaunchScreen.storyboard in Resources */,
				848A7EB62427BBA200717AF3 /* Assets.xcassets in Resources */,
				848A7EB12427BB9E00717AF3 /* Main.storyboard in Resources */,
			);
			runOnlyForDeploymentPostprocessing = 0;
		};
/* End PBXResourcesBuildPhase section */

/* Begin PBXSourcesBuildPhase section */
		848A7EA22427BB9E00717AF3 /* Sources */ = {
			isa = PBXSourcesBuildPhase;
			buildActionMask = 2147483647;
			files = (
				848A7EB42427BB9E00717AF3 /* ViniciusFernando.xcdatamodeld in Sources */,
				848A7EAE2427BB9E00717AF3 /* ViewController.swift in Sources */,
				848A7EC92427DA5700717AF3 /* AddEditViewController.swift in Sources */,
				848A7EAA2427BB9E00717AF3 /* AppDelegate.swift in Sources */,
				84BAAF792427EE3C00846130 /* ViewController+CoreData.swift in Sources */,
				848A7EC32427D90600717AF3 /* PrecoTableViewController.swift in Sources */,
				848A7EAC2427BB9E00717AF3 /* SceneDelegate.swift in Sources */,
				848A7EC52427D91F00717AF3 /* TotalComprasTableViewController.swift in Sources */,
				848A7EC72427D98C00717AF3 /* CompraViewController.swift in Sources */,
				84BAAF7B2427FB6400846130 /* StateManager.swift in Sources */,
				848A7EC12427D8B200717AF3 /* ComprasTableViewController.swift in Sources */,
				848A7ECB2427DB2800717AF3 /* CompraTableViewCell.swift in Sources */,
			);
			runOnlyForDeploymentPostprocessing = 0;
		};
/* End PBXSourcesBuildPhase section */

/* Begin PBXVariantGroup section */
		848A7EAF2427BB9E00717AF3 /* Main.storyboard */ = {
			isa = PBXVariantGroup;
			children = (
				848A7EB02427BB9E00717AF3 /* Base */,
			);
			name = Main.storyboard;
			sourceTree = "<group>";
		};
		848A7EB72427BBA200717AF3 /* LaunchScreen.storyboard */ = {
			isa = PBXVariantGroup;
			children = (
				848A7EB82427BBA200717AF3 /* Base */,
			);
			name = LaunchScreen.storyboard;
			sourceTree = "<group>";
		};
/* End PBXVariantGroup section */

/* Begin XCBuildConfiguration section */
		848A7EBB2427BBA200717AF3 /* Debug */ = {
			isa = XCBuildConfiguration;
			buildSettings = {
				ALWAYS_SEARCH_USER_PATHS = NO;
				CLANG_ANALYZER_NONNULL = YES;
				CLANG_ANALYZER_NUMBER_OBJECT_CONVERSION = YES_AGGRESSIVE;
				CLANG_CXX_LANGUAGE_STANDARD = "gnu++14";
				CLANG_CXX_LIBRARY = "libc++";
				CLANG_ENABLE_MODULES = YES;
				CLANG_ENABLE_OBJC_ARC = YES;
				CLANG_ENABLE_OBJC_WEAK = YES;
				CLANG_WARN_BLOCK_CAPTURE_AUTORELEASING = YES;
				CLANG_WARN_BOOL_CONVERSION = YES;
				CLANG_WARN_COMMA = YES;
				CLANG_WARN_CONSTANT_CONVERSION = YES;
				CLANG_WARN_DEPRECATED_OBJC_IMPLEMENTATIONS = YES;
				CLANG_WARN_DIRECT_OBJC_ISA_USAGE = YES_ERROR;
				CLANG_WARN_DOCUMENTATION_COMMENTS = YES;
				CLANG_WARN_EMPTY_BODY = YES;
				CLANG_WARN_ENUM_CONVERSION = YES;
				CLANG_WARN_INFINITE_RECURSION = YES;
				CLANG_WARN_INT_CONVERSION = YES;
				CLANG_WARN_NON_LITERAL_NULL_CONVERSION = YES;
				CLANG_WARN_OBJC_IMPLICIT_RETAIN_SELF = YES;
				CLANG_WARN_OBJC_LITERAL_CONVERSION = YES;
				CLANG_WARN_OBJC_ROOT_CLASS = YES_ERROR;
				CLANG_WARN_RANGE_LOOP_ANALYSIS = YES;
				CLANG_WARN_STRICT_PROTOTYPES = YES;
				CLANG_WARN_SUSPICIOUS_MOVE = YES;
				CLANG_WARN_UNGUARDED_AVAILABILITY = YES_AGGRESSIVE;
				CLANG_WARN_UNREACHABLE_CODE = YES;
				CLANG_WARN__DUPLICATE_METHOD_MATCH = YES;
				COPY_PHASE_STRIP = NO;
				DEBUG_INFORMATION_FORMAT = dwarf;
				ENABLE_STRICT_OBJC_MSGSEND = YES;
				ENABLE_TESTABILITY = YES;
				GCC_C_LANGUAGE_STANDARD = gnu11;
				GCC_DYNAMIC_NO_PIC = NO;
				GCC_NO_COMMON_BLOCKS = YES;
				GCC_OPTIMIZATION_LEVEL = 0;
				GCC_PREPROCESSOR_DEFINITIONS = (
					"DEBUG=1",
					"$(inherited)",
				);
				GCC_WARN_64_TO_32_BIT_CONVERSION = YES;
				GCC_WARN_ABOUT_RETURN_TYPE = YES_ERROR;
				GCC_WARN_UNDECLARED_SELECTOR = YES;
				GCC_WARN_UNINITIALIZED_AUTOS = YES_AGGRESSIVE;
				GCC_WARN_UNUSED_FUNCTION = YES;
				GCC_WARN_UNUSED_VARIABLE = YES;
				IPHONEOS_DEPLOYMENT_TARGET = 13.2;
				MTL_ENABLE_DEBUG_INFO = INCLUDE_SOURCE;
				MTL_FAST_MATH = YES;
				ONLY_ACTIVE_ARCH = YES;
				SDKROOT = iphoneos;
				SWIFT_ACTIVE_COMPILATION_CONDITIONS = DEBUG;
				SWIFT_OPTIMIZATION_LEVEL = "-Onone";
			};
			name = Debug;
		};
		848A7EBC2427BBA200717AF3 /* Release */ = {
			isa = XCBuildConfiguration;
			buildSettings = {
				ALWAYS_SEARCH_USER_PATHS = NO;
				CLANG_ANALYZER_NONNULL = YES;
				CLANG_ANALYZER_NUMBER_OBJECT_CONVERSION = YES_AGGRESSIVE;
				CLANG_CXX_LANGUAGE_STANDARD = "gnu++14";
				CLANG_CXX_LIBRARY = "libc++";
				CLANG_ENABLE_MODULES = YES;
				CLANG_ENABLE_OBJC_ARC = YES;
				CLANG_ENABLE_OBJC_WEAK = YES;
				CLANG_WARN_BLOCK_CAPTURE_AUTORELEASING = YES;
				CLANG_WARN_BOOL_CONVERSION = YES;
				CLANG_WARN_COMMA = YES;
				CLANG_WARN_CONSTANT_CONVERSION = YES;
				CLANG_WARN_DEPRECATED_OBJC_IMPLEMENTATIONS = YES;
				CLANG_WARN_DIRECT_OBJC_ISA_USAGE = YES_ERROR;
				CLANG_WARN_DOCUMENTATION_COMMENTS = YES;
				CLANG_WARN_EMPTY_BODY = YES;
				CLANG_WARN_ENUM_CONVERSION = YES;
				CLANG_WARN_INFINITE_RECURSION = YES;
				CLANG_WARN_INT_CONVERSION = YES;
				CLANG_WARN_NON_LITERAL_NULL_CONVERSION = YES;
				CLANG_WARN_OBJC_IMPLICIT_RETAIN_SELF = YES;
				CLANG_WARN_OBJC_LITERAL_CONVERSION = YES;
				CLANG_WARN_OBJC_ROOT_CLASS = YES_ERROR;
				CLANG_WARN_RANGE_LOOP_ANALYSIS = YES;
				CLANG_WARN_STRICT_PROTOTYPES = YES;
				CLANG_WARN_SUSPICIOUS_MOVE = YES;
				CLANG_WARN_UNGUARDED_AVAILABILITY = YES_AGGRESSIVE;
				CLANG_WARN_UNREACHABLE_CODE = YES;
				CLANG_WARN__DUPLICATE_METHOD_MATCH = YES;
				COPY_PHASE_STRIP = NO;
				DEBUG_INFORMATION_FORMAT = "dwarf-with-dsym";
				ENABLE_NS_ASSERTIONS = NO;
				ENABLE_STRICT_OBJC_MSGSEND = YES;
				GCC_C_LANGUAGE_STANDARD = gnu11;
				GCC_NO_COMMON_BLOCKS = YES;
				GCC_WARN_64_TO_32_BIT_CONVERSION = YES;
				GCC_WARN_ABOUT_RETURN_TYPE = YES_ERROR;
				GCC_WARN_UNDECLARED_SELECTOR = YES;
				GCC_WARN_UNINITIALIZED_AUTOS = YES_AGGRESSIVE;
				GCC_WARN_UNUSED_FUNCTION = YES;
				GCC_WARN_UNUSED_VARIABLE = YES;
				IPHONEOS_DEPLOYMENT_TARGET = 13.2;
				MTL_ENABLE_DEBUG_INFO = NO;
				MTL_FAST_MATH = YES;
				SDKROOT = iphoneos;
				SWIFT_COMPILATION_MODE = wholemodule;
				SWIFT_OPTIMIZATION_LEVEL = "-O";
				VALIDATE_PRODUCT = YES;
			};
			name = Release;
		};
		848A7EBE2427BBA200717AF3 /* Debug */ = {
			isa = XCBuildConfiguration;
			buildSettings = {
				ASSETCATALOG_COMPILER_APPICON_NAME = AppIcon;
				CODE_SIGN_STYLE = Automatic;
				INFOPLIST_FILE = ViniciusFernando/Info.plist;
				LD_RUNPATH_SEARCH_PATHS = (
					"$(inherited)",
					"@executable_path/Frameworks",
				);
				PRODUCT_BUNDLE_IDENTIFIER = ViniciusFernando.ViniciusFernando;
				PRODUCT_NAME = ComprasUsa;
				SWIFT_VERSION = 5.0;
				TARGETED_DEVICE_FAMILY = 1;
			};
			name = Debug;
		};
		848A7EBF2427BBA200717AF3 /* Release */ = {
			isa = XCBuildConfiguration;
			buildSettings = {
				ASSETCATALOG_COMPILER_APPICON_NAME = AppIcon;
				CODE_SIGN_STYLE = Automatic;
				INFOPLIST_FILE = ViniciusFernando/Info.plist;
				LD_RUNPATH_SEARCH_PATHS = (
					"$(inherited)",
					"@executable_path/Frameworks",
				);
				PRODUCT_BUNDLE_IDENTIFIER = ViniciusFernando.ViniciusFernando;
				PRODUCT_NAME = ComprasUsa;
				SWIFT_VERSION = 5.0;
				TARGETED_DEVICE_FAMILY = 1;
			};
			name = Release;
		};
/* End XCBuildConfiguration section */

/* Begin XCConfigurationList section */
		848A7EA12427BB9E00717AF3 /* Build configuration list for PBXProject "ViniciusFernando" */ = {
			isa = XCConfigurationList;
			buildConfigurations = (
				848A7EBB2427BBA200717AF3 /* Debug */,
				848A7EBC2427BBA200717AF3 /* Release */,
			);
			defaultConfigurationIsVisible = 0;
			defaultConfigurationName = Release;
		};
		848A7EBD2427BBA200717AF3 /* Build configuration list for PBXNativeTarget "ViniciusFernando" */ = {
			isa = XCConfigurationList;
			buildConfigurations = (
				848A7EBE2427BBA200717AF3 /* Debug */,
				848A7EBF2427BBA200717AF3 /* Release */,
			);
			defaultConfigurationIsVisible = 0;
			defaultConfigurationName = Release;
		};
/* End XCConfigurationList section */

/* Begin XCVersionGroup section */
		848A7EB22427BB9E00717AF3 /* ViniciusFernando.xcdatamodeld */ = {
			isa = XCVersionGroup;
			children = (
				848A7EB32427BB9E00717AF3 /* ViniciusFernando.xcdatamodel */,
			);
			currentVersion = 848A7EB32427BB9E00717AF3 /* ViniciusFernando.xcdatamodel */;
			path = ViniciusFernando.xcdatamodeld;
			sourceTree = "<group>";
			versionGroupType = wrapper.xcdatamodel;
		};
/* End XCVersionGroup section */
	};
	rootObject = 848A7E9E2427BB9E00717AF3 /* Project object */;
}
